
Microsoft Visual Studio Solution File, Format Version 12.00
# Visual Studio 15
VisualStudioVersion = 15.0.28307.902
MinimumVisualStudioVersion = 10.0.40219.1
Project("{FAE04EC0-301F-11D3-BF4B-00C04F79EFBC}") = "getPixelColor", "getPixelColor\getPixelColor.csproj", "{EE23B864-B682-487F-B6FB-AC1F114B2F07}"
EndProject
Global
	GlobalSection(SolutionConfigurationPlatforms) = preSolution
		Debug|Any CPU = Debug|Any CPU
		Release|Any CPU = Release|Any CPU
	EndGlobalSection
	GlobalSection(ProjectConfigurationPlatforms) = postSolution
		{EE23B864-B682-487F-B6FB-AC1F114B2F07}.Debug|Any CPU.ActiveCfg = Debug|Any CPU
		{EE23B864-B682-487F-B6FB-AC1F114B2F07}.Debug|Any CPU.Build.0 = Debug|Any CPU
		{EE23B864-B682-487F-B6FB-AC1F114B2F07}.Release|Any CPU.ActiveCfg = Release|Any CPU
		{EE23B864-B682-487F-B6FB-AC1F114B2F07}.Release|Any CPU.Build.0 = Release|Any CPU
	EndGlobalSection
	GlobalSection(SolutionProperties) = preSolution
		HideSolutionNode = FALSE
	EndGlobalSection
	GlobalSection(ExtensibilityGlobals) = postSolution
		SolutionGuid = {1561D706-075F-40C3-BB37-727CA3AA1618}
	EndGlobalSection
EndGlobal
